
Microsoft Visual Studio Solution File, Format Version 12.00
# Visual Studio Version 17
VisualStudioVersion = 17.2.32616.157
MinimumVisualStudioVersion = 10.0.40219.1
Project("{FAE04EC0-301F-11D3-BF4B-00C04F79EFBC}") = "lammpsedit", "lammpsedit\lammpsedit.csproj", "{F1A695F9-D18C-4312-80BF-F7403F6FE3BC}"
EndProject
Global
	GlobalSection(SolutionConfigurationPlatforms) = preSolution
		Debug|Any CPU = Debug|Any CPU
		Release|Any CPU = Release|Any CPU
	EndGlobalSection
	GlobalSection(ProjectConfigurationPlatforms) = postSolution
		{F1A695F9-D18C-4312-80BF-F7403F6FE3BC}.Debug|Any CPU.ActiveCfg = Debug|Any CPU
		{F1A695F9-D18C-4312-80BF-F7403F6FE3BC}.Debug|Any CPU.Build.0 = Debug|Any CPU
		{F1A695F9-D18C-4312-80BF-F7403F6FE3BC}.Release|Any CPU.ActiveCfg = Release|Any CPU
		{F1A695F9-D18C-4312-80BF-F7403F6FE3BC}.Release|Any CPU.Build.0 = Release|Any CPU
	EndGlobalSection
	GlobalSection(SolutionProperties) = preSolution
		HideSolutionNode = FALSE
	EndGlobalSection
	GlobalSection(ExtensibilityGlobals) = postSolution
		SolutionGuid = {B9C8777F-712A-4B43-8F4B-DB66929D814C}
	EndGlobalSection
EndGlobal
